
Microsoft Visual Studio Solution File, Format Version 12.00
# Visual Studio Version 16
VisualStudioVersion = 16.0.30717.126
MinimumVisualStudioVersion = 10.0.40219.1
Project("{FAE04EC0-301F-11D3-BF4B-00C04F79EFBC}") = "FileLeaks.CLI", "FileLeaks.CLI\FileLeaks.CLI.csproj", "{0FAF27A8-C099-4060-A87F-E067CED0684F}"
EndProject
Project("{FAE04EC0-301F-11D3-BF4B-00C04F79EFBC}") = "FileLeaks.Core", "FileLeaks.Core\FileLeaks.Core.csproj", "{339BF798-3C3D-41B0-AE61-5BF46F1AF9B2}"
EndProject
Project("{2150E333-8FDC-42A3-9474-1A3956D46DE8}") = "Test", "Test", "{688F38BA-4253-4E9F-A5EB-F9E684C86C3E}"
EndProject
Project("{FAE04EC0-301F-11D3-BF4B-00C04F79EFBC}") = "FileLeaks.Test", "FileLeaks.Test\FileLeaks.Test.csproj", "{17ADA131-CE65-40ED-A8F1-ED25AFD88FA8}"
EndProject
Global
	GlobalSection(SolutionConfigurationPlatforms) = preSolution
		Debug|Any CPU = Debug|Any CPU
		Release|Any CPU = Release|Any CPU
	EndGlobalSection
	GlobalSection(ProjectConfigurationPlatforms) = postSolution
		{0FAF27A8-C099-4060-A87F-E067CED0684F}.Debug|Any CPU.ActiveCfg = Debug|Any CPU
		{0FAF27A8-C099-4060-A87F-E067CED0684F}.Debug|Any CPU.Build.0 = Debug|Any CPU
		{0FAF27A8-C099-4060-A87F-E067CED0684F}.Release|Any CPU.ActiveCfg = Release|Any CPU
		{0FAF27A8-C099-4060-A87F-E067CED0684F}.Release|Any CPU.Build.0 = Release|Any CPU
		{339BF798-3C3D-41B0-AE61-5BF46F1AF9B2}.Debug|Any CPU.ActiveCfg = Debug|Any CPU
		{339BF798-3C3D-41B0-AE61-5BF46F1AF9B2}.Debug|Any CPU.Build.0 = Debug|Any CPU
		{339BF798-3C3D-41B0-AE61-5BF46F1AF9B2}.Release|Any CPU.ActiveCfg = Release|Any CPU
		{339BF798-3C3D-41B0-AE61-5BF46F1AF9B2}.Release|Any CPU.Build.0 = Release|Any CPU
		{17ADA131-CE65-40ED-A8F1-ED25AFD88FA8}.Debug|Any CPU.ActiveCfg = Debug|Any CPU
		{17ADA131-CE65-40ED-A8F1-ED25AFD88FA8}.Debug|Any CPU.Build.0 = Debug|Any CPU
		{17ADA131-CE65-40ED-A8F1-ED25AFD88FA8}.Release|Any CPU.ActiveCfg = Release|Any CPU
		{17ADA131-CE65-40ED-A8F1-ED25AFD88FA8}.Release|Any CPU.Build.0 = Release|Any CPU
	EndGlobalSection
	GlobalSection(SolutionProperties) = preSolution
		HideSolutionNode = FALSE
	EndGlobalSection
	GlobalSection(NestedProjects) = preSolution
		{17ADA131-CE65-40ED-A8F1-ED25AFD88FA8} = {688F38BA-4253-4E9F-A5EB-F9E684C86C3E}
	EndGlobalSection
	GlobalSection(ExtensibilityGlobals) = postSolution
		SolutionGuid = {3AF79FE0-114E-4896-9975-1C19064F715B}
	EndGlobalSection
EndGlobal
